# This file is automatically @generated by Cargo.
# It is not intended for manual editing.
version = 3

[[package]]
name = "is_palindrome"
version = "0.1.0"

[[package]]
name = "length_of_longest_substring"
version = "0.1.0"

[[package]]
name = "max_vowels_on_k_substring"
version = "0.1.0"

[[package]]
name = "reverse_string"
version = "0.1.0"

[[package]]
name = "top_k_frequent"
version = "0.1.0"

[[package]]
name = "two_sum"
version = "0.1.0"
